
Microsoft Visual Studio Solution File, Format Version 12.00
# Visual Studio 2013
VisualStudioVersion = 12.0.31101.0
MinimumVisualStudioVersion = 10.0.40219.1
Project("{FAE04EC0-301F-11D3-BF4B-00C04F79EFBC}") = "SwissKnife", "SwissKnife\SwissKnife.csproj", "{B53E8818-B12F-4DF3-AE96-EA7766EC4CF4}"
EndProject
Global
	GlobalSection(SolutionConfigurationPlatforms) = preSolution
		Debug|Any CPU = Debug|Any CPU
		Release|Any CPU = Release|Any CPU
	EndGlobalSection
	GlobalSection(ProjectConfigurationPlatforms) = postSolution
		{B53E8818-B12F-4DF3-AE96-EA7766EC4CF4}.Debug|Any CPU.ActiveCfg = Debug|Any CPU
		{B53E8818-B12F-4DF3-AE96-EA7766EC4CF4}.Debug|Any CPU.Build.0 = Debug|Any CPU
		{B53E8818-B12F-4DF3-AE96-EA7766EC4CF4}.Release|Any CPU.ActiveCfg = Release|Any CPU
		{B53E8818-B12F-4DF3-AE96-EA7766EC4CF4}.Release|Any CPU.Build.0 = Release|Any CPU
	EndGlobalSection
	GlobalSection(SolutionProperties) = preSolution
		HideSolutionNode = FALSE
	EndGlobalSection
EndGlobal
